
Microsoft Visual Studio Solution File, Format Version 12.00
# Visual Studio Version 17
VisualStudioVersion = 17.3.32825.248
MinimumVisualStudioVersion = 10.0.40219.1
Project("{9A19103F-16F7-4668-BE54-9A1E7A4F7556}") = "Ciber", "Ciber\Ciber.csproj", "{E01B4BA3-3341-43C5-8ABD-A521D7A93F85}"
EndProject
Project("{9A19103F-16F7-4668-BE54-9A1E7A4F7556}") = "Ciber.EntityFramework", "Ciber.EntityFramework\Ciber.EntityFramework.csproj", "{BFAC7552-4D51-4668-BE12-B127BF3D4CB2}"
EndProject
Project("{9A19103F-16F7-4668-BE54-9A1E7A4F7556}") = "CiberCommon", "CiberCommon\CiberCommon.csproj", "{4C0A253E-979A-4A6F-A7E9-C2C321D98F2F}"
EndProject
Project("{FAE04EC0-301F-11D3-BF4B-00C04F79EFBC}") = "TestGetOrderList", "TestGetOrderList\TestGetOrderList.csproj", "{6CE1B2C7-1516-4CD5-A241-52F9E320C0AA}"
EndProject
Global
	GlobalSection(SolutionConfigurationPlatforms) = preSolution
		Debug|Any CPU = Debug|Any CPU
		Release|Any CPU = Release|Any CPU
	EndGlobalSection
	GlobalSection(ProjectConfigurationPlatforms) = postSolution
		{E01B4BA3-3341-43C5-8ABD-A521D7A93F85}.Debug|Any CPU.ActiveCfg = Debug|Any CPU
		{E01B4BA3-3341-43C5-8ABD-A521D7A93F85}.Debug|Any CPU.Build.0 = Debug|Any CPU
		{E01B4BA3-3341-43C5-8ABD-A521D7A93F85}.Release|Any CPU.ActiveCfg = Release|Any CPU
		{E01B4BA3-3341-43C5-8ABD-A521D7A93F85}.Release|Any CPU.Build.0 = Release|Any CPU
		{BFAC7552-4D51-4668-BE12-B127BF3D4CB2}.Debug|Any CPU.ActiveCfg = Debug|Any CPU
		{BFAC7552-4D51-4668-BE12-B127BF3D4CB2}.Debug|Any CPU.Build.0 = Debug|Any CPU
		{BFAC7552-4D51-4668-BE12-B127BF3D4CB2}.Release|Any CPU.ActiveCfg = Release|Any CPU
		{BFAC7552-4D51-4668-BE12-B127BF3D4CB2}.Release|Any CPU.Build.0 = Release|Any CPU
		{4C0A253E-979A-4A6F-A7E9-C2C321D98F2F}.Debug|Any CPU.ActiveCfg = Debug|Any CPU
		{4C0A253E-979A-4A6F-A7E9-C2C321D98F2F}.Debug|Any CPU.Build.0 = Debug|Any CPU
		{4C0A253E-979A-4A6F-A7E9-C2C321D98F2F}.Release|Any CPU.ActiveCfg = Release|Any CPU
		{4C0A253E-979A-4A6F-A7E9-C2C321D98F2F}.Release|Any CPU.Build.0 = Release|Any CPU
		{6CE1B2C7-1516-4CD5-A241-52F9E320C0AA}.Debug|Any CPU.ActiveCfg = Debug|Any CPU
		{6CE1B2C7-1516-4CD5-A241-52F9E320C0AA}.Debug|Any CPU.Build.0 = Debug|Any CPU
		{6CE1B2C7-1516-4CD5-A241-52F9E320C0AA}.Release|Any CPU.ActiveCfg = Release|Any CPU
		{6CE1B2C7-1516-4CD5-A241-52F9E320C0AA}.Release|Any CPU.Build.0 = Release|Any CPU
	EndGlobalSection
	GlobalSection(SolutionProperties) = preSolution
		HideSolutionNode = FALSE
	EndGlobalSection
	GlobalSection(ExtensibilityGlobals) = postSolution
		SolutionGuid = {9637CED4-2D3C-4492-8373-A6C689126B35}
	EndGlobalSection
EndGlobal
